Microsoft Visual Studio Solution File, Format Version 12.00
# Visual Studio Version 17
VisualStudioVersion = 17.5.2.0
MinimumVisualStudioVersion = 10.0.40219.1
Project("{FAE04EC0-301F-11D3-BF4B-00C04F79EFBC}") = "net10-console", "net10-console.csproj", "{AF2F5F17-51AA-AFE3-699D-A803E6FB65D0}"
EndProject
Global
	GlobalSection(SolutionConfigurationPlatforms) = preSolution
		Debug|Any CPU = Debug|Any CPU
		Release|Any CPU = Release|Any CPU
	EndGlobalSection
	GlobalSection(ProjectConfigurationPlatforms) = postSolution
		{AF2F5F17-51AA-AFE3-699D-A803E6FB65D0}.Debug|Any CPU.ActiveCfg = Debug|Any CPU
		{AF2F5F17-51AA-AFE3-699D-A803E6FB65D0}.Debug|Any CPU.Build.0 = Debug|Any CPU
		{AF2F5F17-51AA-AFE3-699D-A803E6FB65D0}.Release|Any CPU.ActiveCfg = Release|Any CPU
		{AF2F5F17-51AA-AFE3-699D-A803E6FB65D0}.Release|Any CPU.Build.0 = Release|Any CPU
	EndGlobalSection
	GlobalSection(SolutionProperties) = preSolution
		HideSolutionNode = FALSE
	EndGlobalSection
	GlobalSection(ExtensibilityGlobals) = postSolution
		SolutionGuid = {6D59266C-E06A-450E-9B73-95D45E40C1A6}
	EndGlobalSection
EndGlobal
